
Microsoft Visual Studio Solution File, Format Version 12.00
# Visual Studio Version 17
VisualStudioVersion = 17.14.36414.22 d17.14
MinimumVisualStudioVersion = 10.0.40219.1
Project("{FAE04EC0-301F-11D3-BF4B-00C04F79EFBC}") = "InventoryMngSys", "InventoryMngSys\InventoryMngSys.csproj", "{B5CE2ED0-2933-4C98-A8A6-7E35F94202E2}"
EndProject
Global
	GlobalSection(SolutionConfigurationPlatforms) = preSolution
		Debug|Any CPU = Debug|Any CPU
		Release|Any CPU = Release|Any CPU
	EndGlobalSection
	GlobalSection(ProjectConfigurationPlatforms) = postSolution
		{B5CE2ED0-2933-4C98-A8A6-7E35F94202E2}.Debug|Any CPU.ActiveCfg = Debug|Any CPU
		{B5CE2ED0-2933-4C98-A8A6-7E35F94202E2}.Debug|Any CPU.Build.0 = Debug|Any CPU
		{B5CE2ED0-2933-4C98-A8A6-7E35F94202E2}.Release|Any CPU.ActiveCfg = Release|Any CPU
		{B5CE2ED0-2933-4C98-A8A6-7E35F94202E2}.Release|Any CPU.Build.0 = Release|Any CPU
	EndGlobalSection
	GlobalSection(SolutionProperties) = preSolution
		HideSolutionNode = FALSE
	EndGlobalSection
	GlobalSection(ExtensibilityGlobals) = postSolution
		SolutionGuid = {5E203125-1B48-4270-8DA5-41F52E848342}
	EndGlobalSection
EndGlobal
